
Microsoft Visual Studio Solution File, Format Version 12.00
# Visual Studio 14
VisualStudioVersion = 14.0.25123.0
MinimumVisualStudioVersion = 10.0.40219.1
Project("{2150E333-8FDC-42A3-9474-1A3956D46DE8}") = "src", "src", "{1CEB022C-2A96-49AE-A2DD-F905D9AED228}"
EndProject
Project("{2150E333-8FDC-42A3-9474-1A3956D46DE8}") = "Solution Items", "Solution Items", "{D3CD80E6-A55E-44D2-B7A2-209F4F6BCCE7}"
	ProjectSection(SolutionItems) = preProject
		global.json = global.json
	EndProjectSection
EndProject
Project("{8BB2217D-0F2D-49D1-97BC-3654ED321F3B}") = "MakeItGoAng2", "src\MakeItGoAng2\MakeItGoAng2.xproj", "{3CAEEF78-10EE-40C2-8519-8C9A84FD9AA4}"
EndProject
Project("{8BB2217D-0F2D-49D1-97BC-3654ED321F3B}") = "MakeItGoAPI", "src\MakeItGoAPI\MakeItGoAPI.xproj", "{C9F1EFD1-3A63-4D10-8187-273CB75F9AFC}"
EndProject
Global
	GlobalSection(SolutionConfigurationPlatforms) = preSolution
		Debug|Any CPU = Debug|Any CPU
		Release|Any CPU = Release|Any CPU
	EndGlobalSection
	GlobalSection(ProjectConfigurationPlatforms) = postSolution
		{3CAEEF78-10EE-40C2-8519-8C9A84FD9AA4}.Debug|Any CPU.ActiveCfg = Debug|Any CPU
		{3CAEEF78-10EE-40C2-8519-8C9A84FD9AA4}.Debug|Any CPU.Build.0 = Debug|Any CPU
		{3CAEEF78-10EE-40C2-8519-8C9A84FD9AA4}.Release|Any CPU.ActiveCfg = Release|Any CPU
		{3CAEEF78-10EE-40C2-8519-8C9A84FD9AA4}.Release|Any CPU.Build.0 = Release|Any CPU
		{C9F1EFD1-3A63-4D10-8187-273CB75F9AFC}.Debug|Any CPU.ActiveCfg = Debug|Any CPU
		{C9F1EFD1-3A63-4D10-8187-273CB75F9AFC}.Debug|Any CPU.Build.0 = Debug|Any CPU
		{C9F1EFD1-3A63-4D10-8187-273CB75F9AFC}.Release|Any CPU.ActiveCfg = Release|Any CPU
		{C9F1EFD1-3A63-4D10-8187-273CB75F9AFC}.Release|Any CPU.Build.0 = Release|Any CPU
	EndGlobalSection
	GlobalSection(SolutionProperties) = preSolution
		HideSolutionNode = FALSE
	EndGlobalSection
	GlobalSection(NestedProjects) = preSolution
		{3CAEEF78-10EE-40C2-8519-8C9A84FD9AA4} = {1CEB022C-2A96-49AE-A2DD-F905D9AED228}
		{C9F1EFD1-3A63-4D10-8187-273CB75F9AFC} = {1CEB022C-2A96-49AE-A2DD-F905D9AED228}
	EndGlobalSection
EndGlobal
